
Microsoft Visual Studio Solution File, Format Version 12.00
# Visual Studio 15
VisualStudioVersion = 15.0.26228.9
MinimumVisualStudioVersion = 10.0.40219.1
Project("{FAE04EC0-301F-11D3-BF4B-00C04F79EFBC}") = "DisablingTextBoxOnTheBasisOfCheckBox", "DisablingTextBoxOnTheBasisOfCheckBox\DisablingTextBoxOnTheBasisOfCheckBox.csproj", "{C03DF1B2-A480-431E-8BE6-C599E33B7EAF}"
EndProject
Global
	GlobalSection(SolutionConfigurationPlatforms) = preSolution
		Debug|Any CPU = Debug|Any CPU
		Release|Any CPU = Release|Any CPU
	EndGlobalSection
	GlobalSection(ProjectConfigurationPlatforms) = postSolution
		{C03DF1B2-A480-431E-8BE6-C599E33B7EAF}.Debug|Any CPU.ActiveCfg = Debug|Any CPU
		{C03DF1B2-A480-431E-8BE6-C599E33B7EAF}.Debug|Any CPU.Build.0 = Debug|Any CPU
		{C03DF1B2-A480-431E-8BE6-C599E33B7EAF}.Release|Any CPU.ActiveCfg = Release|Any CPU
		{C03DF1B2-A480-431E-8BE6-C599E33B7EAF}.Release|Any CPU.Build.0 = Release|Any CPU
	EndGlobalSection
	GlobalSection(SolutionProperties) = preSolution
		HideSolutionNode = FALSE
	EndGlobalSection
EndGlobal
